
Microsoft Visual Studio Solution File, Format Version 12.00
# Visual Studio 15
VisualStudioVersion = 15.0.28010.2050
MinimumVisualStudioVersion = 10.0.40219.1
Project("{FAE04EC0-301F-11D3-BF4B-00C04F79EFBC}") = "GameBox", "GameBox\GameBox.csproj", "{557EE78E-0C00-44D2-BBB5-DF6D54CE8140}"
EndProject
Global
	GlobalSection(SolutionConfigurationPlatforms) = preSolution
		Debug|Any CPU = Debug|Any CPU
		Release|Any CPU = Release|Any CPU
	EndGlobalSection
	GlobalSection(ProjectConfigurationPlatforms) = postSolution
		{557EE78E-0C00-44D2-BBB5-DF6D54CE8140}.Debug|Any CPU.ActiveCfg = Debug|Any CPU
		{557EE78E-0C00-44D2-BBB5-DF6D54CE8140}.Debug|Any CPU.Build.0 = Debug|Any CPU
		{557EE78E-0C00-44D2-BBB5-DF6D54CE8140}.Release|Any CPU.ActiveCfg = Release|Any CPU
		{557EE78E-0C00-44D2-BBB5-DF6D54CE8140}.Release|Any CPU.Build.0 = Release|Any CPU
	EndGlobalSection
	GlobalSection(SolutionProperties) = preSolution
		HideSolutionNode = FALSE
	EndGlobalSection
	GlobalSection(ExtensibilityGlobals) = postSolution
		SolutionGuid = {1B9E013E-6C52-4197-A1D3-2988672E50B4}
	EndGlobalSection
EndGlobal
